
Microsoft Visual Studio Solution File, Format Version 12.00
# Visual Studio 2013
VisualStudioVersion = 12.0.30501.0
MinimumVisualStudioVersion = 10.0.40219.1
Project("{FAE04EC0-301F-11D3-BF4B-00C04F79EFBC}") = "WpfFlatUI", "WpfFlatUI\WpfFlatUI.csproj", "{AD1E2119-6440-481C-8D8D-56B7BE1FB0AE}"
EndProject
Global
	GlobalSection(SolutionConfigurationPlatforms) = preSolution
		Debug|Any CPU = Debug|Any CPU
		Release|Any CPU = Release|Any CPU
	EndGlobalSection
	GlobalSection(ProjectConfigurationPlatforms) = postSolution
		{AD1E2119-6440-481C-8D8D-56B7BE1FB0AE}.Debug|Any CPU.ActiveCfg = Debug|Any CPU
		{AD1E2119-6440-481C-8D8D-56B7BE1FB0AE}.Debug|Any CPU.Build.0 = Debug|Any CPU
		{AD1E2119-6440-481C-8D8D-56B7BE1FB0AE}.Release|Any CPU.ActiveCfg = Release|Any CPU
		{AD1E2119-6440-481C-8D8D-56B7BE1FB0AE}.Release|Any CPU.Build.0 = Release|Any CPU
	EndGlobalSection
	GlobalSection(SolutionProperties) = preSolution
		HideSolutionNode = FALSE
	EndGlobalSection
EndGlobal
